
Microsoft Visual Studio Solution File, Format Version 12.00
# Visual Studio Version 17
VisualStudioVersion = 17.3.32819.101
MinimumVisualStudioVersion = 10.0.40219.1
Project("{FAE04EC0-301F-11D3-BF4B-00C04F79EFBC}") = "PREGUNTA_4", "PREGUNTA_4\PREGUNTA_4.csproj", "{A30A40BE-9D04-4C20-9D95-983FA026EA9B}"
EndProject
Global
	GlobalSection(SolutionConfigurationPlatforms) = preSolution
		Debug|Any CPU = Debug|Any CPU
		Release|Any CPU = Release|Any CPU
	EndGlobalSection
	GlobalSection(ProjectConfigurationPlatforms) = postSolution
		{A30A40BE-9D04-4C20-9D95-983FA026EA9B}.Debug|Any CPU.ActiveCfg = Debug|Any CPU
		{A30A40BE-9D04-4C20-9D95-983FA026EA9B}.Debug|Any CPU.Build.0 = Debug|Any CPU
		{A30A40BE-9D04-4C20-9D95-983FA026EA9B}.Release|Any CPU.ActiveCfg = Release|Any CPU
		{A30A40BE-9D04-4C20-9D95-983FA026EA9B}.Release|Any CPU.Build.0 = Release|Any CPU
	EndGlobalSection
	GlobalSection(SolutionProperties) = preSolution
		HideSolutionNode = FALSE
	EndGlobalSection
	GlobalSection(ExtensibilityGlobals) = postSolution
		SolutionGuid = {B7C4E4AD-6C2F-4E73-9914-9193B9BB702F}
	EndGlobalSection
EndGlobal
