
Microsoft Visual Studio Solution File, Format Version 12.00
# Visual Studio 14
VisualStudioVersion = 14.0.23107.0
MinimumVisualStudioVersion = 10.0.40219.1
Project("{FAE04EC0-301F-11D3-BF4B-00C04F79EFBC}") = "Ejercicio02", "Ejercicio02\Ejercicio02.csproj", "{4DBE1EB0-5613-48D0-A466-FF5A1904E969}"
EndProject
Global
	GlobalSection(SolutionConfigurationPlatforms) = preSolution
		Debug|Any CPU = Debug|Any CPU
		Release|Any CPU = Release|Any CPU
	EndGlobalSection
	GlobalSection(ProjectConfigurationPlatforms) = postSolution
		{4DBE1EB0-5613-48D0-A466-FF5A1904E969}.Debug|Any CPU.ActiveCfg = Debug|Any CPU
		{4DBE1EB0-5613-48D0-A466-FF5A1904E969}.Debug|Any CPU.Build.0 = Debug|Any CPU
		{4DBE1EB0-5613-48D0-A466-FF5A1904E969}.Release|Any CPU.ActiveCfg = Release|Any CPU
		{4DBE1EB0-5613-48D0-A466-FF5A1904E969}.Release|Any CPU.Build.0 = Release|Any CPU
	EndGlobalSection
	GlobalSection(SolutionProperties) = preSolution
		HideSolutionNode = FALSE
	EndGlobalSection
EndGlobal
