
Microsoft Visual Studio Solution File, Format Version 12.00
# Visual Studio Version 17
VisualStudioVersion = 17.2.32630.192
MinimumVisualStudioVersion = 10.0.40219.1
Project("{FAE04EC0-301F-11D3-BF4B-00C04F79EFBC}") = "Arbol", "Arbol.csproj", "{646900A6-2B5A-47C2-B318-0E33CF4313E7}"
EndProject
Global
	GlobalSection(SolutionConfigurationPlatforms) = preSolution
		Debug|Any CPU = Debug|Any CPU
		Release|Any CPU = Release|Any CPU
	EndGlobalSection
	GlobalSection(ProjectConfigurationPlatforms) = postSolution
		{646900A6-2B5A-47C2-B318-0E33CF4313E7}.Debug|Any CPU.ActiveCfg = Debug|Any CPU
		{646900A6-2B5A-47C2-B318-0E33CF4313E7}.Debug|Any CPU.Build.0 = Debug|Any CPU
		{646900A6-2B5A-47C2-B318-0E33CF4313E7}.Release|Any CPU.ActiveCfg = Release|Any CPU
		{646900A6-2B5A-47C2-B318-0E33CF4313E7}.Release|Any CPU.Build.0 = Release|Any CPU
	EndGlobalSection
	GlobalSection(SolutionProperties) = preSolution
		HideSolutionNode = FALSE
	EndGlobalSection
	GlobalSection(ExtensibilityGlobals) = postSolution
		SolutionGuid = {4FE37A97-1873-429A-8BBD-AB9260986506}
	EndGlobalSection
EndGlobal
