
Microsoft Visual Studio Solution File, Format Version 12.00
# Visual Studio Version 16
VisualStudioVersion = 16.0.32630.194
MinimumVisualStudioVersion = 10.0.40219.1
Project("{FAE04EC0-301F-11D3-BF4B-00C04F79EFBC}") = "Proyecto_bd", "Proyecto_bd.csproj", "{F3F6A626-8911-492B-90E1-EBAAABA032B8}"
EndProject
Global
	GlobalSection(SolutionConfigurationPlatforms) = preSolution
		Debug|Any CPU = Debug|Any CPU
		Release|Any CPU = Release|Any CPU
	EndGlobalSection
	GlobalSection(ProjectConfigurationPlatforms) = postSolution
		{F3F6A626-8911-492B-90E1-EBAAABA032B8}.Debug|Any CPU.ActiveCfg = Debug|Any CPU
		{F3F6A626-8911-492B-90E1-EBAAABA032B8}.Debug|Any CPU.Build.0 = Debug|Any CPU
		{F3F6A626-8911-492B-90E1-EBAAABA032B8}.Release|Any CPU.ActiveCfg = Release|Any CPU
		{F3F6A626-8911-492B-90E1-EBAAABA032B8}.Release|Any CPU.Build.0 = Release|Any CPU
	EndGlobalSection
	GlobalSection(SolutionProperties) = preSolution
		HideSolutionNode = FALSE
	EndGlobalSection
	GlobalSection(ExtensibilityGlobals) = postSolution
		SolutionGuid = {A03D36CF-602B-4414-89F0-A7EDE8BFE668}
	EndGlobalSection
EndGlobal
